// !$*UTF8*$!
{
	archiveVersion = 1;
	classes = {
	};
	objectVersion = 55;
	objects = {

/* Begin PBXBuildFile section */
		177C9BB428AB86B600E124CA /* AppDelegate.swift in Sources */ = {isa = PBXBuildFile; fileRef = 177C9BB328AB86B600E124CA /* AppDelegate.swift */; };
		177C9BBB28AB86B600E124CA /* Main.storyboard in Resources */ = {isa = PBXBuildFile; fileRef = 177C9BB928AB86B600E124CA /* Main.storyboard */; };
		177C9BBD28AB86B800E124CA /* Assets.xcassets in Resources */ = {isa = PBXBuildFile; fileRef = 177C9BBC28AB86B800E124CA /* Assets.xcassets */; };
		177C9BC028AB86B800E124CA /* LaunchScreen.storyboard in Resources */ = {isa = PBXBuildFile; fileRef = 177C9BBE28AB86B800E124CA /* LaunchScreen.storyboard */; };
		177C9BC828AB882100E124CA /* PlaceholderTextView_Framework.framework in Frameworks */ = {isa = PBXBuildFile; fileRef = 177C9BC728AB882100E124CA /* PlaceholderTextView_Framework.framework */; };
		177C9BC928AB882100E124CA /* PlaceholderTextView_Framework.framework in Embed Frameworks */ = {isa = PBXBuildFile; fileRef = 177C9BC728AB882100E124CA /* PlaceholderTextView_Framework.framework */; settings = {ATTRIBUTES = (CodeSignOnCopy, RemoveHeadersOnCopy, ); }; };
		177C9BCD28AB88D100E124CA /* ExamplePlaceholderTextViewViewController.swift in Sources */ = {isa = PBXBuildFile; fileRef = 177C9BCC28AB88D100E124CA /* ExamplePlaceholderTextViewViewController.swift */; };
		96AC47B9729F6F9B677F0B1D /* Pods_PlaceholderTextView_Example.framework in Frameworks */ = {isa = PBXBuildFile; fileRef = 8AC12F16B71CBEDF5F2AD1AC /* Pods_PlaceholderTextView_Example.framework */; };
/* End PBXBuildFile section */

/* Begin PBXCopyFilesBuildPhase section */
		177C9BCA28AB882100E124CA /* Embed Frameworks */ = {
			isa = PBXCopyFilesBuildPhase;
			buildActionMask = 2147483647;
			dstPath = "";
			dstSubfolderSpec = 10;
			files = (
				177C9BC928AB882100E124CA /* PlaceholderTextView_Framework.framework in Embed Frameworks */,
			);
			name = "Embed Frameworks";
			runOnlyForDeploymentPostprocessing = 0;
		};
/* End PBXCopyFilesBuildPhase section */

/* Begin PBXFileReference section */
		177C9BB028AB86B600E124CA /* PlaceholderTextView_Example.app */ = {isa = PBXFileReference; explicitFileType = wrapper.application; includeInIndex = 0; path = PlaceholderTextView_Example.app; sourceTree = BUILT_PRODUCTS_DIR; };
		177C9BB328AB86B600E124CA /* AppDelegate.swift */ = {isa = PBXFileReference; lastKnownFileType = sourcecode.swift; path = AppDelegate.swift; sourceTree = "<group>"; };
		177C9BBA28AB86B600E124CA /* Base */ = {isa = PBXFileReference; lastKnownFileType = file.storyboard; name = Base; path = Base.lproj/Main.storyboard; sourceTree = "<group>"; };
		177C9BBC28AB86B800E124CA /* Assets.xcassets */ = {isa = PBXFileReference; lastKnownFileType = folder.assetcatalog; path = Assets.xcassets; sourceTree = "<group>"; };
		177C9BBF28AB86B800E124CA /* Base */ = {isa = PBXFileReference; lastKnownFileType = file.storyboard; name = Base; path = Base.lproj/LaunchScreen.storyboard; sourceTree = "<group>"; };
		177C9BC128AB86B800E124CA /* Info.plist */ = {isa = PBXFileReference; lastKnownFileType = text.plist.xml; path = Info.plist; sourceTree = "<group>"; };
		177C9BC728AB882100E124CA /* PlaceholderTextView_Framework.framework */ = {isa = PBXFileReference; explicitFileType = wrapper.framework; path = PlaceholderTextView_Framework.framework; sourceTree = BUILT_PRODUCTS_DIR; };
		177C9BCC28AB88D100E124CA /* ExamplePlaceholderTextViewViewController.swift */ = {isa = PBXFileReference; fileEncoding = 4; lastKnownFileType = sourcecode.swift; path = ExamplePlaceholderTextViewViewController.swift; sourceTree = "<group>"; };
		8829A30EBAE6C5E87C9F6B3D /* Pods-PlaceholderTextView_Example.debug.xcconfig */ = {isa = PBXFileReference; includeInIndex = 1; lastKnownFileType = text.xcconfig; name = "Pods-PlaceholderTextView_Example.debug.xcconfig"; path = "Target Support Files/Pods-PlaceholderTextView_Example/Pods-PlaceholderTextView_Example.debug.xcconfig"; sourceTree = "<group>"; };
		8AC12F16B71CBEDF5F2AD1AC /* Pods_PlaceholderTextView_Example.framework */ = {isa = PBXFileReference; explicitFileType = wrapper.framework; includeInIndex = 0; path = Pods_PlaceholderTextView_Example.framework; sourceTree = BUILT_PRODUCTS_DIR; };
		B64466943102E711A7517A55 /* Pods-PlaceholderTextView_Example.release.xcconfig */ = {isa = PBXFileReference; includeInIndex = 1; lastKnownFileType = text.xcconfig; name = "Pods-PlaceholderTextView_Example.release.xcconfig"; path = "Target Support Files/Pods-PlaceholderTextView_Example/Pods-PlaceholderTextView_Example.release.xcconfig"; sourceTree = "<group>"; };
/* End PBXFileReference section */

/* Begin PBXFrameworksBuildPhase section */
		177C9BAD28AB86B600E124CA /* Frameworks */ = {
			isa = PBXFrameworksBuildPhase;
			buildActionMask = 2147483647;
			files = (
				96AC47B9729F6F9B677F0B1D /* Pods_PlaceholderTextView_Example.framework in Frameworks */,
				177C9BC828AB882100E124CA /* PlaceholderTextView_Framework.framework in Frameworks */,
			);
			runOnlyForDeploymentPostprocessing = 0;
		};
/* End PBXFrameworksBuildPhase section */

/* Begin PBXGroup section */
		177C9BA728AB86B600E124CA = {
			isa = PBXGroup;
			children = (
				177C9BB228AB86B600E124CA /* PlaceholderTextView_Example */,
				177C9BB128AB86B600E124CA /* Products */,
				8DC061A66D9016466FB06F3C /* Pods */,
				76C3064D2EEF83C4F4F48F79 /* Frameworks */,
			);
			sourceTree = "<group>";
		};
		177C9BB128AB86B600E124CA /* Products */ = {
			isa = PBXGroup;
			children = (
				177C9BB028AB86B600E124CA /* PlaceholderTextView_Example.app */,
			);
			name = Products;
			sourceTree = "<group>";
		};
		177C9BB228AB86B600E124CA /* PlaceholderTextView_Example */ = {
			isa = PBXGroup;
			children = (
				177C9BB328AB86B600E124CA /* AppDelegate.swift */,
				177C9BCC28AB88D100E124CA /* ExamplePlaceholderTextViewViewController.swift */,
				177C9BB928AB86B600E124CA /* Main.storyboard */,
				177C9BBC28AB86B800E124CA /* Assets.xcassets */,
				177C9BBE28AB86B800E124CA /* LaunchScreen.storyboard */,
				177C9BC128AB86B800E124CA /* Info.plist */,
			);
			path = PlaceholderTextView_Example;
			sourceTree = "<group>";
		};
		76C3064D2EEF83C4F4F48F79 /* Frameworks */ = {
			isa = PBXGroup;
			children = (
				177C9BC728AB882100E124CA /* PlaceholderTextView_Framework.framework */,
				8AC12F16B71CBEDF5F2AD1AC /* Pods_PlaceholderTextView_Example.framework */,
			);
			name = Frameworks;
			sourceTree = "<group>";
		};
		8DC061A66D9016466FB06F3C /* Pods */ = {
			isa = PBXGroup;
			children = (
				8829A30EBAE6C5E87C9F6B3D /* Pods-PlaceholderTextView_Example.debug.xcconfig */,
				B64466943102E711A7517A55 /* Pods-PlaceholderTextView_Example.release.xcconfig */,
			);
			path = Pods;
			sourceTree = "<group>";
		};
/* End PBXGroup section */

/* Begin PBXNativeTarget section */
		177C9BAF28AB86B600E124CA /* PlaceholderTextView_Example */ = {
			isa = PBXNativeTarget;
			buildConfigurationList = 177C9BC428AB86B800E124CA /* Build configuration list for PBXNativeTarget "PlaceholderTextView_Example" */;
			buildPhases = (
				87C11A02443FDA3A6AAE2968 /* [CP] Check Pods Manifest.lock */,
				177C9BCB28AB885000E124CA /* Swiftlint */,
				177C9BAC28AB86B600E124CA /* Sources */,
				177C9BAD28AB86B600E124CA /* Frameworks */,
				177C9BAE28AB86B600E124CA /* Resources */,
				177C9BCA28AB882100E124CA /* Embed Frameworks */,
				29FB33C25DA439A02D3DE7C1 /* [CP] Embed Pods Frameworks */,
			);
			buildRules = (
			);
			dependencies = (
			);
			name = PlaceholderTextView_Example;
			productName = PlaceholderTextView_Example;
			productReference = 177C9BB028AB86B600E124CA /* PlaceholderTextView_Example.app */;
			productType = "com.apple.product-type.application";
		};
/* End PBXNativeTarget section */

/* Begin PBXProject section */
		177C9BA828AB86B600E124CA /* Project object */ = {
			isa = PBXProject;
			attributes = {
				BuildIndependentTargetsInParallel = 1;
				LastSwiftUpdateCheck = 1330;
				LastUpgradeCheck = 1330;
				TargetAttributes = {
					177C9BAF28AB86B600E124CA = {
						CreatedOnToolsVersion = 13.3.1;
					};
				};
			};
			buildConfigurationList = 177C9BAB28AB86B600E124CA /* Build configuration list for PBXProject "PlaceholderTextView_Example" */;
			compatibilityVersion = "Xcode 13.0";
			developmentRegion = en;
			hasScannedForEncodings = 0;
			knownRegions = (
				en,
				Base,
			);
			mainGroup = 177C9BA728AB86B600E124CA;
			productRefGroup = 177C9BB128AB86B600E124CA /* Products */;
			projectDirPath = "";
			projectRoot = "";
			targets = (
				177C9BAF28AB86B600E124CA /* PlaceholderTextView_Example */,
			);
		};
/* End PBXProject section */

/* Begin PBXResourcesBuildPhase section */
		177C9BAE28AB86B600E124CA /* Resources */ = {
			isa = PBXResourcesBuildPhase;
			buildActionMask = 2147483647;
			files = (
				177C9BC028AB86B800E124CA /* LaunchScreen.storyboard in Resources */,
				177C9BBD28AB86B800E124CA /* Assets.xcassets in Resources */,
				177C9BBB28AB86B600E124CA /* Main.storyboard in Resources */,
			);
			runOnlyForDeploymentPostprocessing = 0;
		};
/* End PBXResourcesBuildPhase section */

/* Begin PBXShellScriptBuildPhase section */
		177C9BCB28AB885000E124CA /* Swiftlint */ = {
			isa = PBXShellScriptBuildPhase;
			buildActionMask = 2147483647;
			files = (
			);
			inputFileListPaths = (
			);
			inputPaths = (
			);
			name = Swiftlint;
			outputFileListPaths = (
			);
			outputPaths = (
			);
			runOnlyForDeploymentPostprocessing = 0;
			shellPath = /bin/sh;
			shellScript = "#debug log\nset -x\n\n${PODS_ROOT}/SwiftLint/swiftlint\n";
		};
		29FB33C25DA439A02D3DE7C1 /* [CP] Embed Pods Frameworks */ = {
			isa = PBXShellScriptBuildPhase;
			buildActionMask = 2147483647;
			files = (
			);
			inputFileListPaths = (
				"${PODS_ROOT}/Target Support Files/Pods-PlaceholderTextView_Example/Pods-PlaceholderTextView_Example-frameworks-${CONFIGURATION}-input-files.xcfilelist",
			);
			name = "[CP] Embed Pods Frameworks";
			outputFileListPaths = (
				"${PODS_ROOT}/Target Support Files/Pods-PlaceholderTextView_Example/Pods-PlaceholderTextView_Example-frameworks-${CONFIGURATION}-output-files.xcfilelist",
			);
			runOnlyForDeploymentPostprocessing = 0;
			shellPath = /bin/sh;
			shellScript = "\"${PODS_ROOT}/Target Support Files/Pods-PlaceholderTextView_Example/Pods-PlaceholderTextView_Example-frameworks.sh\"\n";
			showEnvVarsInLog = 0;
		};
		87C11A02443FDA3A6AAE2968 /* [CP] Check Pods Manifest.lock */ = {
			isa = PBXShellScriptBuildPhase;
			buildActionMask = 2147483647;
			files = (
			);
			inputFileListPaths = (
			);
			inputPaths = (
				"${PODS_PODFILE_DIR_PATH}/Podfile.lock",
				"${PODS_ROOT}/Manifest.lock",
			);
			name = "[CP] Check Pods Manifest.lock";
			outputFileListPaths = (
			);
			outputPaths = (
				"$(DERIVED_FILE_DIR)/Pods-PlaceholderTextView_Example-checkManifestLockResult.txt",
			);
			runOnlyForDeploymentPostprocessing = 0;
			shellPath = /bin/sh;
			shellScript = "diff \"${PODS_PODFILE_DIR_PATH}/Podfile.lock\" \"${PODS_ROOT}/Manifest.lock\" > /dev/null\nif [ $? != 0 ] ; then\n    # print error to STDERR\n    echo \"error: The sandbox is not in sync with the Podfile.lock. Run 'pod install' or update your CocoaPods installation.\" >&2\n    exit 1\nfi\n# This output is used by Xcode 'outputs' to avoid re-running this script phase.\necho \"SUCCESS\" > \"${SCRIPT_OUTPUT_FILE_0}\"\n";
			showEnvVarsInLog = 0;
		};
/* End PBXShellScriptBuildPhase section */

/* Begin PBXSourcesBuildPhase section */
		177C9BAC28AB86B600E124CA /* Sources */ = {
			isa = PBXSourcesBuildPhase;
			buildActionMask = 2147483647;
			files = (
				177C9BB428AB86B600E124CA /* AppDelegate.swift in Sources */,
				177C9BCD28AB88D100E124CA /* ExamplePlaceholderTextViewViewController.swift in Sources */,
			);
			runOnlyForDeploymentPostprocessing = 0;
		};
/* End PBXSourcesBuildPhase section */

/* Begin PBXVariantGroup section */
		177C9BB928AB86B600E124CA /* Main.storyboard */ = {
			isa = PBXVariantGroup;
			children = (
				177C9BBA28AB86B600E124CA /* Base */,
			);
			name = Main.storyboard;
			sourceTree = "<group>";
		};
		177C9BBE28AB86B800E124CA /* LaunchScreen.storyboard */ = {
			isa = PBXVariantGroup;
			children = (
				177C9BBF28AB86B800E124CA /* Base */,
			);
			name = LaunchScreen.storyboard;
			sourceTree = "<group>";
		};
/* End PBXVariantGroup section */

/* Begin XCBuildConfiguration section */
		177C9BC228AB86B800E124CA /* Debug */ = {
			isa = XCBuildConfiguration;
			buildSettings = {
				ALWAYS_SEARCH_USER_PATHS = NO;
				CLANG_ANALYZER_NONNULL = YES;
				CLANG_ANALYZER_NUMBER_OBJECT_CONVERSION = YES_AGGRESSIVE;
				CLANG_CXX_LANGUAGE_STANDARD = "gnu++17";
				CLANG_ENABLE_MODULES = YES;
				CLANG_ENABLE_OBJC_ARC = YES;
				CLANG_ENABLE_OBJC_WEAK = YES;
				CLANG_WARN_BLOCK_CAPTURE_AUTORELEASING = YES;
				CLANG_WARN_BOOL_CONVERSION = YES;
				CLANG_WARN_COMMA = YES;
				CLANG_WARN_CONSTANT_CONVERSION = YES;
				CLANG_WARN_DEPRECATED_OBJC_IMPLEMENTATIONS = YES;
				CLANG_WARN_DIRECT_OBJC_ISA_USAGE = YES_ERROR;
				CLANG_WARN_DOCUMENTATION_COMMENTS = YES;
				CLANG_WARN_EMPTY_BODY = YES;
				CLANG_WARN_ENUM_CONVERSION = YES;
				CLANG_WARN_INFINITE_RECURSION = YES;
				CLANG_WARN_INT_CONVERSION = YES;
				CLANG_WARN_NON_LITERAL_NULL_CONVERSION = YES;
				CLANG_WARN_OBJC_IMPLICIT_RETAIN_SELF = YES;
				CLANG_WARN_OBJC_LITERAL_CONVERSION = YES;
				CLANG_WARN_OBJC_ROOT_CLASS = YES_ERROR;
				CLANG_WARN_QUOTED_INCLUDE_IN_FRAMEWORK_HEADER = YES;
				CLANG_WARN_RANGE_LOOP_ANALYSIS = YES;
				CLANG_WARN_STRICT_PROTOTYPES = YES;
				CLANG_WARN_SUSPICIOUS_MOVE = YES;
				CLANG_WARN_UNGUARDED_AVAILABILITY = YES_AGGRESSIVE;
				CLANG_WARN_UNREACHABLE_CODE = YES;
				CLANG_WARN__DUPLICATE_METHOD_MATCH = YES;
				COPY_PHASE_STRIP = NO;
				DEBUG_INFORMATION_FORMAT = dwarf;
				ENABLE_STRICT_OBJC_MSGSEND = YES;
				ENABLE_TESTABILITY = YES;
				GCC_C_LANGUAGE_STANDARD = gnu11;
				GCC_DYNAMIC_NO_PIC = NO;
				GCC_NO_COMMON_BLOCKS = YES;
				GCC_OPTIMIZATION_LEVEL = 0;
				GCC_PREPROCESSOR_DEFINITIONS = (
					"DEBUG=1",
					"$(inherited)",
				);
				GCC_WARN_64_TO_32_BIT_CONVERSION = YES;
				GCC_WARN_ABOUT_RETURN_TYPE = YES_ERROR;
				GCC_WARN_UNDECLARED_SELECTOR = YES;
				GCC_WARN_UNINITIALIZED_AUTOS = YES_AGGRESSIVE;
				GCC_WARN_UNUSED_FUNCTION = YES;
				GCC_WARN_UNUSED_VARIABLE = YES;
				IPHONEOS_DEPLOYMENT_TARGET = 15.0;
				MTL_ENABLE_DEBUG_INFO = INCLUDE_SOURCE;
				MTL_FAST_MATH = YES;
				ONLY_ACTIVE_ARCH = YES;
				SDKROOT = iphoneos;
				SWIFT_ACTIVE_COMPILATION_CONDITIONS = DEBUG;
				SWIFT_OPTIMIZATION_LEVEL = "-Onone";
			};
			name = Debug;
		};
		177C9BC328AB86B800E124CA /* Release */ = {
			isa = XCBuildConfiguration;
			buildSettings = {
				ALWAYS_SEARCH_USER_PATHS = NO;
				CLANG_ANALYZER_NONNULL = YES;
				CLANG_ANALYZER_NUMBER_OBJECT_CONVERSION = YES_AGGRESSIVE;
				CLANG_CXX_LANGUAGE_STANDARD = "gnu++17";
				CLANG_ENABLE_MODULES = YES;
				CLANG_ENABLE_OBJC_ARC = YES;
				CLANG_ENABLE_OBJC_WEAK = YES;
				CLANG_WARN_BLOCK_CAPTURE_AUTORELEASING = YES;
				CLANG_WARN_BOOL_CONVERSION = YES;
				CLANG_WARN_COMMA = YES;
				CLANG_WARN_CONSTANT_CONVERSION = YES;
				CLANG_WARN_DEPRECATED_OBJC_IMPLEMENTATIONS = YES;
				CLANG_WARN_DIRECT_OBJC_ISA_USAGE = YES_ERROR;
				CLANG_WARN_DOCUMENTATION_COMMENTS = YES;
				CLANG_WARN_EMPTY_BODY = YES;
				CLANG_WARN_ENUM_CONVERSION = YES;
				CLANG_WARN_INFINITE_RECURSION = YES;
				CLANG_WARN_INT_CONVERSION = YES;
				CLANG_WARN_NON_LITERAL_NULL_CONVERSION = YES;
				CLANG_WARN_OBJC_IMPLICIT_RETAIN_SELF = YES;
				CLANG_WARN_OBJC_LITERAL_CONVERSION = YES;
				CLANG_WARN_OBJC_ROOT_CLASS = YES_ERROR;
				CLANG_WARN_QUOTED_INCLUDE_IN_FRAMEWORK_HEADER = YES;
				CLANG_WARN_RANGE_LOOP_ANALYSIS = YES;
				CLANG_WARN_STRICT_PROTOTYPES = YES;
				CLANG_WARN_SUSPICIOUS_MOVE = YES;
				CLANG_WARN_UNGUARDED_AVAILABILITY = YES_AGGRESSIVE;
				CLANG_WARN_UNREACHABLE_CODE = YES;
				CLANG_WARN__DUPLICATE_METHOD_MATCH = YES;
				COPY_PHASE_STRIP = NO;
				DEBUG_INFORMATION_FORMAT = "dwarf-with-dsym";
				ENABLE_NS_ASSERTIONS = NO;
				ENABLE_STRICT_OBJC_MSGSEND = YES;
				GCC_C_LANGUAGE_STANDARD = gnu11;
				GCC_NO_COMMON_BLOCKS = YES;
				GCC_WARN_64_TO_32_BIT_CONVERSION = YES;
				GCC_WARN_ABOUT_RETURN_TYPE = YES_ERROR;
				GCC_WARN_UNDECLARED_SELECTOR = YES;
				GCC_WARN_UNINITIALIZED_AUTOS = YES_AGGRESSIVE;
				GCC_WARN_UNUSED_FUNCTION = YES;
				GCC_WARN_UNUSED_VARIABLE = YES;
				IPHONEOS_DEPLOYMENT_TARGET = 15.0;
				MTL_ENABLE_DEBUG_INFO = NO;
				MTL_FAST_MATH = YES;
				SDKROOT = iphoneos;
				SWIFT_COMPILATION_MODE = wholemodule;
				SWIFT_OPTIMIZATION_LEVEL = "-O";
				VALIDATE_PRODUCT = YES;
			};
			name = Release;
		};
		177C9BC528AB86B800E124CA /* Debug */ = {
			isa = XCBuildConfiguration;
			baseConfigurationReference = 8829A30EBAE6C5E87C9F6B3D /* Pods-PlaceholderTextView_Example.debug.xcconfig */;
			buildSettings = {
				ASSETCATALOG_COMPILER_APPICON_NAME = AppIcon;
				ASSETCATALOG_COMPILER_GLOBAL_ACCENT_COLOR_NAME = AccentColor;
				CODE_SIGN_STYLE = Automatic;
				CURRENT_PROJECT_VERSION = 1;
				DEVELOPMENT_TEAM = MW2UF479VW;
				GENERATE_INFOPLIST_FILE = YES;
				INFOPLIST_FILE = PlaceholderTextView_Example/Info.plist;
				INFOPLIST_KEY_UIApplicationSupportsIndirectInputEvents = YES;
				INFOPLIST_KEY_UILaunchStoryboardName = LaunchScreen;
				INFOPLIST_KEY_UIMainStoryboardFile = Main;
				INFOPLIST_KEY_UISupportedInterfaceOrientations = "UIInterfaceOrientationPortrait UIInterfaceOrientationLandscapeLeft UIInterfaceOrientationLandscapeRight";
				INFOPLIST_KEY_UISupportedInterfaceOrientations_iPad = "UIInterfaceOrientationPortrait UIInterfaceOrientationPortraitUpsideDown UIInterfaceOrientationLandscapeLeft UIInterfaceOrientationLandscapeRight";
				INFOPLIST_KEY_UISupportedInterfaceOrientations_iPhone = "UIInterfaceOrientationPortrait UIInterfaceOrientationLandscapeLeft UIInterfaceOrientationLandscapeRight";
				LD_RUNPATH_SEARCH_PATHS = (
					"$(inherited)",
					"@executable_path/Frameworks",
				);
				MARKETING_VERSION = 1.0;
				PRODUCT_BUNDLE_IDENTIFIER = "com.shakuro.PlaceholderTextView-Example";
				PRODUCT_NAME = "$(TARGET_NAME)";
				SWIFT_EMIT_LOC_STRINGS = YES;
				SWIFT_VERSION = 5.0;
				TARGETED_DEVICE_FAMILY = "1,2";
			};
			name = Debug;
		};
		177C9BC628AB86B800E124CA /* Release */ = {
			isa = XCBuildConfiguration;
			baseConfigurationReference = B64466943102E711A7517A55 /* Pods-PlaceholderTextView_Example.release.xcconfig */;
			buildSettings = {
				ASSETCATALOG_COMPILER_APPICON_NAME = AppIcon;
				ASSETCATALOG_COMPILER_GLOBAL_ACCENT_COLOR_NAME = AccentColor;
				CODE_SIGN_STYLE = Automatic;
				CURRENT_PROJECT_VERSION = 1;
				DEVELOPMENT_TEAM = MW2UF479VW;
				GENERATE_INFOPLIST_FILE = YES;
				INFOPLIST_FILE = PlaceholderTextView_Example/Info.plist;
				INFOPLIST_KEY_UIApplicationSupportsIndirectInputEvents = YES;
				INFOPLIST_KEY_UILaunchStoryboardName = LaunchScreen;
				INFOPLIST_KEY_UIMainStoryboardFile = Main;
				INFOPLIST_KEY_UISupportedInterfaceOrientations = "UIInterfaceOrientationPortrait UIInterfaceOrientationLandscapeLeft UIInterfaceOrientationLandscapeRight";
				INFOPLIST_KEY_UISupportedInterfaceOrientations_iPad = "UIInterfaceOrientationPortrait UIInterfaceOrientationPortraitUpsideDown UIInterfaceOrientationLandscapeLeft UIInterfaceOrientationLandscapeRight";
				INFOPLIST_KEY_UISupportedInterfaceOrientations_iPhone = "UIInterfaceOrientationPortrait UIInterfaceOrientationLandscapeLeft UIInterfaceOrientationLandscapeRight";
				LD_RUNPATH_SEARCH_PATHS = (
					"$(inherited)",
					"@executable_path/Frameworks",
				);
				MARKETING_VERSION = 1.0;
				PRODUCT_BUNDLE_IDENTIFIER = "com.shakuro.PlaceholderTextView-Example";
				PRODUCT_NAME = "$(TARGET_NAME)";
				SWIFT_EMIT_LOC_STRINGS = YES;
				SWIFT_VERSION = 5.0;
				TARGETED_DEVICE_FAMILY = "1,2";
			};
			name = Release;
		};
/* End XCBuildConfiguration section */

/* Begin XCConfigurationList section */
		177C9BAB28AB86B600E124CA /* Build configuration list for PBXProject "PlaceholderTextView_Example" */ = {
			isa = XCConfigurationList;
			buildConfigurations = (
				177C9BC228AB86B800E124CA /* Debug */,
				177C9BC328AB86B800E124CA /* Release */,
			);
			defaultConfigurationIsVisible = 0;
			defaultConfigurationName = Release;
		};
		177C9BC428AB86B800E124CA /* Build configuration list for PBXNativeTarget "PlaceholderTextView_Example" */ = {
			isa = XCConfigurationList;
			buildConfigurations = (
				177C9BC528AB86B800E124CA /* Debug */,
				177C9BC628AB86B800E124CA /* Release */,
			);
			defaultConfigurationIsVisible = 0;
			defaultConfigurationName = Release;
		};
/* End XCConfigurationList section */
	};
	rootObject = 177C9BA828AB86B600E124CA /* Project object */;
}
